
Microsoft Visual Studio Solution File, Format Version 12.00
# Visual Studio Version 17
VisualStudioVersion = 17.14.36401.2
MinimumVisualStudioVersion = 10.0.40219.1
Project("{FAE04EC0-301F-11D3-BF4B-00C04F79EFBC}") = "LineBotService", "LineBotService\LineBotService\LineBotService.csproj", "{8FE30894-A3EF-4692-95DC-7C9C70895943}"
EndProject
Project("{FAE04EC0-301F-11D3-BF4B-00C04F79EFBC}") = "Cars", "Cars\Cars.csproj", "{4EC73912-B439-A011-EDC8-8BD347750960}"
EndProject
Project("{FAE04EC0-301F-11D3-BF4B-00C04F79EFBC}") = "Cars.Shared", "Cars.Shared\Cars.Shared.csproj", "{E6AF5AD1-B083-4BF4-BAB2-E97D467540BB}"
EndProject
Project("{FAE04EC0-301F-11D3-BF4B-00C04F79EFBC}") = "Cars.Core", "Cars.Core\Cars.Core.csproj", "{AD1765D9-EDDC-4480-B2BB-6ADA6693DC58}"
EndProject
Project("{FAE04EC0-301F-11D3-BF4B-00C04F79EFBC}") = "Cars.Web", "Cars.Web\Cars.Web.csproj", "{5EB99B17-0A9E-49FF-8F5F-2ED1C7127DA5}"
EndProject
Project("{FAE04EC0-301F-11D3-BF4B-00C04F79EFBC}") = "Cars.Application", "Cars.Application\Cars.Application.csproj", "{2095633E-EC27-4B81-A7C4-759975D00120}"
EndProject
Project("{FAE04EC0-301F-11D3-BF4B-00C04F79EFBC}") = "Cars.Data", "Cars.Data\Cars.Data.csproj", "{FD2D9224-E6CD-44F1-A831-A77BB4B7A0D3}"
EndProject
Global
	GlobalSection(SolutionConfigurationPlatforms) = preSolution
		Debug|Any CPU = Debug|Any CPU
		Release|Any CPU = Release|Any CPU
	EndGlobalSection
	GlobalSection(ProjectConfigurationPlatforms) = postSolution
		{8FE30894-A3EF-4692-95DC-7C9C70895943}.Debug|Any CPU.ActiveCfg = Debug|Any CPU
		{8FE30894-A3EF-4692-95DC-7C9C70895943}.Debug|Any CPU.Build.0 = Debug|Any CPU
		{8FE30894-A3EF-4692-95DC-7C9C70895943}.Release|Any CPU.ActiveCfg = Release|Any CPU
		{8FE30894-A3EF-4692-95DC-7C9C70895943}.Release|Any CPU.Build.0 = Release|Any CPU
		{4EC73912-B439-A011-EDC8-8BD347750960}.Debug|Any CPU.ActiveCfg = Debug|Any CPU
		{4EC73912-B439-A011-EDC8-8BD347750960}.Debug|Any CPU.Build.0 = Debug|Any CPU
		{4EC73912-B439-A011-EDC8-8BD347750960}.Release|Any CPU.ActiveCfg = Release|Any CPU
		{4EC73912-B439-A011-EDC8-8BD347750960}.Release|Any CPU.Build.0 = Release|Any CPU
		{E6AF5AD1-B083-4BF4-BAB2-E97D467540BB}.Debug|Any CPU.ActiveCfg = Debug|Any CPU
		{E6AF5AD1-B083-4BF4-BAB2-E97D467540BB}.Debug|Any CPU.Build.0 = Debug|Any CPU
		{E6AF5AD1-B083-4BF4-BAB2-E97D467540BB}.Release|Any CPU.ActiveCfg = Release|Any CPU
		{E6AF5AD1-B083-4BF4-BAB2-E97D467540BB}.Release|Any CPU.Build.0 = Release|Any CPU
		{AD1765D9-EDDC-4480-B2BB-6ADA6693DC58}.Debug|Any CPU.ActiveCfg = Debug|Any CPU
		{AD1765D9-EDDC-4480-B2BB-6ADA6693DC58}.Debug|Any CPU.Build.0 = Debug|Any CPU
		{AD1765D9-EDDC-4480-B2BB-6ADA6693DC58}.Release|Any CPU.ActiveCfg = Release|Any CPU
		{AD1765D9-EDDC-4480-B2BB-6ADA6693DC58}.Release|Any CPU.Build.0 = Release|Any CPU
		{5EB99B17-0A9E-49FF-8F5F-2ED1C7127DA5}.Debug|Any CPU.ActiveCfg = Debug|Any CPU
		{5EB99B17-0A9E-49FF-8F5F-2ED1C7127DA5}.Debug|Any CPU.Build.0 = Debug|Any CPU
		{5EB99B17-0A9E-49FF-8F5F-2ED1C7127DA5}.Release|Any CPU.ActiveCfg = Release|Any CPU
		{5EB99B17-0A9E-49FF-8F5F-2ED1C7127DA5}.Release|Any CPU.Build.0 = Release|Any CPU
		{2095633E-EC27-4B81-A7C4-759975D00120}.Debug|Any CPU.ActiveCfg = Debug|Any CPU
		{2095633E-EC27-4B81-A7C4-759975D00120}.Debug|Any CPU.Build.0 = Debug|Any CPU
		{2095633E-EC27-4B81-A7C4-759975D00120}.Release|Any CPU.ActiveCfg = Release|Any CPU
		{2095633E-EC27-4B81-A7C4-759975D00120}.Release|Any CPU.Build.0 = Release|Any CPU
		{FD2D9224-E6CD-44F1-A831-A77BB4B7A0D3}.Debug|Any CPU.ActiveCfg = Debug|Any CPU
		{FD2D9224-E6CD-44F1-A831-A77BB4B7A0D3}.Debug|Any CPU.Build.0 = Debug|Any CPU
		{FD2D9224-E6CD-44F1-A831-A77BB4B7A0D3}.Release|Any CPU.ActiveCfg = Release|Any CPU
		{FD2D9224-E6CD-44F1-A831-A77BB4B7A0D3}.Release|Any CPU.Build.0 = Release|Any CPU
	EndGlobalSection
	GlobalSection(SolutionProperties) = preSolution
		HideSolutionNode = FALSE
	EndGlobalSection
	GlobalSection(ExtensibilityGlobals) = postSolution
		SolutionGuid = {E35F0584-C71E-4170-87A1-01D7AC57F587}
	EndGlobalSection
EndGlobal
