
Microsoft Visual Studio Solution File, Format Version 12.00
# Visual Studio Version 17
VisualStudioVersion = 17.14.36401.2
MinimumVisualStudioVersion = 10.0.40219.1
Project("{FAE04EC0-301F-11D3-BF4B-00C04F79EFBC}") = "LineBotService", "LineBotService\LineBotService\LineBotService.csproj", "{8FE30894-A3EF-4692-95DC-7C9C70895943}"
EndProject
Project("{FAE04EC0-301F-11D3-BF4B-00C04F79EFBC}") = "Cars", "LineBotService\LineBotService\Cars.csproj", "{C394C252-D133-BA97-EF66-C74A3F0C890A}"
EndProject
Global
	GlobalSection(SolutionConfigurationPlatforms) = preSolution
		Debug|Any CPU = Debug|Any CPU
		Release|Any CPU = Release|Any CPU
	EndGlobalSection
	GlobalSection(ProjectConfigurationPlatforms) = postSolution
		{8FE30894-A3EF-4692-95DC-7C9C70895943}.Debug|Any CPU.ActiveCfg = Debug|Any CPU
		{8FE30894-A3EF-4692-95DC-7C9C70895943}.Debug|Any CPU.Build.0 = Debug|Any CPU
		{8FE30894-A3EF-4692-95DC-7C9C70895943}.Release|Any CPU.ActiveCfg = Release|Any CPU
		{8FE30894-A3EF-4692-95DC-7C9C70895943}.Release|Any CPU.Build.0 = Release|Any CPU
		{C394C252-D133-BA97-EF66-C74A3F0C890A}.Debug|Any CPU.ActiveCfg = Debug|Any CPU
		{C394C252-D133-BA97-EF66-C74A3F0C890A}.Debug|Any CPU.Build.0 = Debug|Any CPU
		{C394C252-D133-BA97-EF66-C74A3F0C890A}.Release|Any CPU.ActiveCfg = Release|Any CPU
		{C394C252-D133-BA97-EF66-C74A3F0C890A}.Release|Any CPU.Build.0 = Release|Any CPU
	EndGlobalSection
	GlobalSection(SolutionProperties) = preSolution
		HideSolutionNode = FALSE
	EndGlobalSection
	GlobalSection(ExtensibilityGlobals) = postSolution
		SolutionGuid = {7184EBDE-6301-4FE0-A0E7-2C00A0B3F271}
	EndGlobalSection
EndGlobal
